
Microsoft Visual Studio Solution File, Format Version 12.00
# Visual Studio 15
VisualStudioVersion = 15.0.28307.572
MinimumVisualStudioVersion = 10.0.40219.1
Project("{FAE04EC0-301F-11D3-BF4B-00C04F79EFBC}") = "StubsMocks", "StubsMocks\StubsMocks.csproj", "{860F28DD-3A9B-47CA-873F-608AFEE30F0B}"
EndProject
Project("{FAE04EC0-301F-11D3-BF4B-00C04F79EFBC}") = "StubsMocks.Tests", "StubsMocks.Tests\StubsMocks.Tests.csproj", "{AD9FECE5-1115-4461-A3BE-4E101FA176C9}"
EndProject
Global
	GlobalSection(SolutionConfigurationPlatforms) = preSolution
		Debug|Any CPU = Debug|Any CPU
		Release|Any CPU = Release|Any CPU
	EndGlobalSection
	GlobalSection(ProjectConfigurationPlatforms) = postSolution
		{860F28DD-3A9B-47CA-873F-608AFEE30F0B}.Debug|Any CPU.ActiveCfg = Debug|Any CPU
		{860F28DD-3A9B-47CA-873F-608AFEE30F0B}.Debug|Any CPU.Build.0 = Debug|Any CPU
		{860F28DD-3A9B-47CA-873F-608AFEE30F0B}.Release|Any CPU.ActiveCfg = Release|Any CPU
		{860F28DD-3A9B-47CA-873F-608AFEE30F0B}.Release|Any CPU.Build.0 = Release|Any CPU
		{AD9FECE5-1115-4461-A3BE-4E101FA176C9}.Debug|Any CPU.ActiveCfg = Debug|Any CPU
		{AD9FECE5-1115-4461-A3BE-4E101FA176C9}.Debug|Any CPU.Build.0 = Debug|Any CPU
		{AD9FECE5-1115-4461-A3BE-4E101FA176C9}.Release|Any CPU.ActiveCfg = Release|Any CPU
		{AD9FECE5-1115-4461-A3BE-4E101FA176C9}.Release|Any CPU.Build.0 = Release|Any CPU
	EndGlobalSection
	GlobalSection(SolutionProperties) = preSolution
		HideSolutionNode = FALSE
	EndGlobalSection
	GlobalSection(ExtensibilityGlobals) = postSolution
		SolutionGuid = {B2C8E178-CA56-4826-B3F7-522244EB45EC}
	EndGlobalSection
EndGlobal
