
Microsoft Visual Studio Solution File, Format Version 12.00
# Visual Studio 15
VisualStudioVersion = 15.0.28307.572
MinimumVisualStudioVersion = 10.0.40219.1
Project("{9A19103F-16F7-4668-BE54-9A1E7A4F7556}") = "01 String Calculator", "01 String Calculator\01 String Calculator.csproj", "{665BA21A-5CA4-49B1-9D8A-20FDE090FB69}"
EndProject
Project("{FAE04EC0-301F-11D3-BF4B-00C04F79EFBC}") = "01 String Calculator.Tests", "01 String Calculator.Tests\01 String Calculator.Tests.csproj", "{198A2628-C0E7-48C1-BBEA-F705B7AA5716}"
EndProject
Global
	GlobalSection(SolutionConfigurationPlatforms) = preSolution
		Debug|Any CPU = Debug|Any CPU
		Release|Any CPU = Release|Any CPU
	EndGlobalSection
	GlobalSection(ProjectConfigurationPlatforms) = postSolution
		{665BA21A-5CA4-49B1-9D8A-20FDE090FB69}.Debug|Any CPU.ActiveCfg = Debug|Any CPU
		{665BA21A-5CA4-49B1-9D8A-20FDE090FB69}.Debug|Any CPU.Build.0 = Debug|Any CPU
		{665BA21A-5CA4-49B1-9D8A-20FDE090FB69}.Release|Any CPU.ActiveCfg = Release|Any CPU
		{665BA21A-5CA4-49B1-9D8A-20FDE090FB69}.Release|Any CPU.Build.0 = Release|Any CPU
		{198A2628-C0E7-48C1-BBEA-F705B7AA5716}.Debug|Any CPU.ActiveCfg = Debug|Any CPU
		{198A2628-C0E7-48C1-BBEA-F705B7AA5716}.Debug|Any CPU.Build.0 = Debug|Any CPU
		{198A2628-C0E7-48C1-BBEA-F705B7AA5716}.Release|Any CPU.ActiveCfg = Release|Any CPU
		{198A2628-C0E7-48C1-BBEA-F705B7AA5716}.Release|Any CPU.Build.0 = Release|Any CPU
	EndGlobalSection
	GlobalSection(SolutionProperties) = preSolution
		HideSolutionNode = FALSE
	EndGlobalSection
	GlobalSection(ExtensibilityGlobals) = postSolution
		SolutionGuid = {178C0786-0E45-4451-8CA2-D9DB7A182C30}
	EndGlobalSection
EndGlobal
